
Microsoft Visual Studio Solution File, Format Version 12.00
# Visual Studio Version 17
VisualStudioVersion = 17.1.32328.378
MinimumVisualStudioVersion = 10.0.40219.1
Project("{9A19103F-16F7-4668-BE54-9A1E7A4F7556}") = "ReorderValidation", "ReorderValidation.csproj", "{80DC673F-C876-4F3A-AFF8-C84A350C9EDC}"
EndProject
Global
	GlobalSection(SolutionConfigurationPlatforms) = preSolution
		Debug|Any CPU = Debug|Any CPU
		Release|Any CPU = Release|Any CPU
	EndGlobalSection
	GlobalSection(ProjectConfigurationPlatforms) = postSolution
		{80DC673F-C876-4F3A-AFF8-C84A350C9EDC}.Debug|Any CPU.ActiveCfg = Debug|Any CPU
		{80DC673F-C876-4F3A-AFF8-C84A350C9EDC}.Debug|Any CPU.Build.0 = Debug|Any CPU
		{80DC673F-C876-4F3A-AFF8-C84A350C9EDC}.Release|Any CPU.ActiveCfg = Release|Any CPU
		{80DC673F-C876-4F3A-AFF8-C84A350C9EDC}.Release|Any CPU.Build.0 = Release|Any CPU
	EndGlobalSection
	GlobalSection(SolutionProperties) = preSolution
		HideSolutionNode = FALSE
	EndGlobalSection
	GlobalSection(ExtensibilityGlobals) = postSolution
		SolutionGuid = {833C5893-664C-4253-B064-1FAF733F4CD9}
	EndGlobalSection
EndGlobal
